{
  "version": 4,
  "terraform_version": "1.6.1",
  "serial": 12,
  "lineage": "220e580c-8488-7053-f9d2-2d60be8ca555",
  "outputs": {
    "external_ip_address_vm_1": {
      "value": "158.160.98.195",
      "type": "string"
    },
    "internal_ip_address_vm_1": {
      "value": "192.168.10.13",
      "type": "string"
    }
  },
  "resources": [
    {
      "mode": "data",
      "type": "yandex_compute_image",
      "name": "my-ubuntu-2004-1",
      "provider": "provider[\"registry.terraform.io/yandex-cloud/yandex\"]",
      "instances": [
        {
          "schema_version": 0,
          "attributes": {
            "created_at": "2023-10-09T10:53:53Z",
            "description": "ubuntu 20.04 lts",
            "family": "ubuntu-2004-lts",
            "folder_id": "standard-images",
            "id": "fd826honb8s0i1jtt6cg",
            "image_id": "fd826honb8s0i1jtt6cg",
            "labels": {},
            "min_disk_size": 5,
            "name": "ubuntu-20-04-lts-v20231009",
            "os_type": "linux",
            "pooled": true,
            "product_ids": [
              "f2em7kqmv1b3dtvtfb3p"
            ],
            "size": 4,
            "status": "ready"
          },
          "sensitive_attributes": []
        }
      ]
    },
    {
      "mode": "managed",
      "type": "yandex_compute_instance",
      "name": "my-vm-1",
      "provider": "provider[\"registry.terraform.io/yandex-cloud/yandex\"]",
      "instances": [
        {
          "schema_version": 1,
          "attributes": {
            "allow_recreate": null,
            "allow_stopping_for_update": null,
            "boot_disk": [
              {
                "auto_delete": true,
                "device_name": "fhmt91lvadik5ifm5qv0",
                "disk_id": "fhmt91lvadik5ifm5qv0",
                "initialize_params": [
                  {
                    "block_size": 4096,
                    "description": "",
                    "image_id": "fd826honb8s0i1jtt6cg",
                    "name": "",
                    "size": 5,
                    "snapshot_id": "",
                    "type": "network-hdd"
                  }
                ],
                "mode": "READ_WRITE"
              }
            ],
            "created_at": "2023-10-21T00:07:54Z",
            "description": "",
            "filesystem": [],
            "folder_id": "b1gk91seujvu5ushi47l",
            "fqdn": "fhm66ihspdj6d88okkth.auto.internal",
            "gpu_cluster_id": "",
            "hostname": "",
            "id": "fhm66ihspdj6d88okkth",
            "labels": null,
            "local_disk": [],
            "metadata": {
              "ssh-keys": "ubuntu:ssh-rsa AAAAB3NzaC1yc2EAAAADAQABAAABgQDf84KC63ZniuhUW193brhO9iepk4BzJ6Hh2Dvdx0ljwVtjuJJaESlBF5oAKYFTdAXj2Tnapc6LDw4tIkEHxTVG42TfefiS4qe+ATRxEHJc+J0Fh4xcQ9+L9ez/oBke66tOC+IXW+OsQ86StT2yPzSa9EiQBxMtTMEnHVBj4CjgelN0jvpt0f0ylw+0vL2fKhte0lRLH6ELPwudaDtg0dpLcBEQXtY5pnhfpSCH1zgt+kZrwPFsV/M5YKIYA6Lh4CeNS9iee/m8202brwcPI+1DV7XZKoNj1rQSQwaM9drE+uAYyfuBue7tZ8WfUBDyKWIfuuC4ZI0cteqzE+S9AE+665oyJk08ywCzeDG8jCjG2vXI6VaUdmZwNlecpUIG5LbRrUweS7ZJ6g9/7pofI86TAC9XprLfJ2FU4tJRqU5FfY1tGFB0xrh/UZKqBTaz/o8o0vEd43ktmzMitcfq4vlSPlr1/7ul+kXqcLohuDrv/UQQpYCAjfLmXAVRHPA1VHE= ubuntu@ubuntu-basic-1-1-10gb\n"
            },
            "metadata_options": [
              {
                "aws_v1_http_endpoint": 1,
                "aws_v1_http_token": 2,
                "gce_http_endpoint": 1,
                "gce_http_token": 1
              }
            ],
            "name": "test-vm-1",
            "network_acceleration_type": "standard",
            "network_interface": [
              {
                "dns_record": [],
                "index": 0,
                "ip_address": "192.168.10.13",
                "ipv4": true,
                "ipv6": false,
                "ipv6_address": "",
                "ipv6_dns_record": [],
                "mac_address": "d0:0d:63:4a:3c:cb",
                "nat": true,
                "nat_dns_record": [],
                "nat_ip_address": "158.160.98.195",
                "nat_ip_version": "IPV4",
                "security_group_ids": [],
                "subnet_id": "e9bgfe7fogrpdijqcu8u"
              }
            ],
            "placement_policy": [
              {
                "host_affinity_rules": [],
                "placement_group_id": ""
              }
            ],
            "platform_id": "standard-v1",
            "resources": [
              {
                "core_fraction": 100,
                "cores": 2,
                "gpus": 0,
                "memory": 2
              }
            ],
            "scheduling_policy": [
              {
                "preemptible": false
              }
            ],
            "secondary_disk": [],
            "service_account_id": "",
            "status": "running",
            "timeouts": null,
            "zone": "ru-central1-a"
          },
          "sensitive_attributes": [],
          "private": "eyJlMmJmYjczMC1lY2FhLTExZTYtOGY4OC0zNDM2M2JjN2M0YzAiOnsiY3JlYXRlIjozMDAwMDAwMDAwMDAsImRlbGV0ZSI6MzAwMDAwMDAwMDAwLCJ1cGRhdGUiOjMwMDAwMDAwMDAwMH0sInNjaGVtYV92ZXJzaW9uIjoiMSJ9",
          "dependencies": [
            "data.yandex_compute_image.my-ubuntu-2004-1",
            "yandex_vpc_network.my-nw-1",
            "yandex_vpc_subnet.my-sn-1"
          ]
        }
      ]
    },
    {
      "mode": "managed",
      "type": "yandex_vpc_network",
      "name": "my-nw-1",
      "provider": "provider[\"registry.terraform.io/yandex-cloud/yandex\"]",
      "instances": [
        {
          "schema_version": 0,
          "attributes": {
            "created_at": "2023-10-21T00:07:50Z",
            "default_security_group_id": "enp2h85pmh7lanapqkue",
            "description": "",
            "folder_id": "b1gk91seujvu5ushi47l",
            "id": "enp9ihhv8e4mp3f7b6jl",
            "labels": {},
            "name": "my-nw-1",
            "subnet_ids": [],
            "timeouts": null
          },
          "sensitive_attributes": [],
          "private": "eyJlMmJmYjczMC1lY2FhLTExZTYtOGY4OC0zNDM2M2JjN2M0YzAiOnsiY3JlYXRlIjo2MDAwMDAwMDAwMCwiZGVsZXRlIjo2MDAwMDAwMDAwMCwidXBkYXRlIjo2MDAwMDAwMDAwMH19"
        }
      ]
    },
    {
      "mode": "managed",
      "type": "yandex_vpc_subnet",
      "name": "my-sn-1",
      "provider": "provider[\"registry.terraform.io/yandex-cloud/yandex\"]",
      "instances": [
        {
          "schema_version": 0,
          "attributes": {
            "created_at": "2023-10-21T00:07:53Z",
            "description": "",
            "dhcp_options": [],
            "folder_id": "b1gk91seujvu5ushi47l",
            "id": "e9bgfe7fogrpdijqcu8u",
            "labels": {},
            "name": "",
            "network_id": "enp9ihhv8e4mp3f7b6jl",
            "route_table_id": "",
            "timeouts": null,
            "v4_cidr_blocks": [
              "192.168.10.0/24"
            ],
            "v6_cidr_blocks": [],
            "zone": "ru-central1-a"
          },
          "sensitive_attributes": [],
          "private": "eyJlMmJmYjczMC1lY2FhLTExZTYtOGY4OC0zNDM2M2JjN2M0YzAiOnsiY3JlYXRlIjoxODAwMDAwMDAwMDAsImRlbGV0ZSI6MTgwMDAwMDAwMDAwLCJ1cGRhdGUiOjE4MDAwMDAwMDAwMH19",
          "dependencies": [
            "yandex_vpc_network.my-nw-1"
          ]
        }
      ]
    }
  ],
  "check_results": null
}
