{
  "version": 4,
  "terraform_version": "1.6.1",
  "serial": 8,
  "lineage": "a71b381b-524e-f8a2-08bd-27fe7286eb5c",
  "outputs": {
    "external_ip_address_vm_2": {
      "value": "62.84.124.255",
      "type": "string"
    },
    "external_ip_address_vm_3": {
      "value": "51.250.84.146",
      "type": "string"
    },
    "internal_ip_address_vm_2": {
      "value": "192.168.10.18",
      "type": "string"
    },
    "internal_ip_address_vm_3": {
      "value": "192.168.10.3",
      "type": "string"
    },
    "my_balancer_ip_address": {
      "value": [
        {
          "external_address_spec": [
            {
              "address": "84.201.131.55",
              "ip_version": "ipv4"
            }
          ],
          "internal_address_spec": [],
          "name": "my-listener-1",
          "port": 80,
          "protocol": "tcp",
          "target_port": 80
        }
      ],
      "type": [
        "set",
        [
          "object",
          {
            "external_address_spec": [
              "set",
              [
                "object",
                {
                  "address": "string",
                  "ip_version": "string"
                }
              ]
            ],
            "internal_address_spec": [
              "set",
              [
                "object",
                {
                  "address": "string",
                  "ip_version": "string",
                  "subnet_id": "string"
                }
              ]
            ],
            "name": "string",
            "port": "number",
            "protocol": "string",
            "target_port": "number"
          }
        ]
      ]
    }
  },
  "resources": [
    {
      "mode": "data",
      "type": "yandex_compute_image",
      "name": "my-ubuntu-2004-1",
      "provider": "provider[\"registry.terraform.io/yandex-cloud/yandex\"]",
      "instances": [
        {
          "schema_version": 0,
          "attributes": {
            "created_at": "2023-10-23T10:52:22Z",
            "description": "ubuntu 20.04 lts",
            "family": "ubuntu-2004-lts",
            "folder_id": "standard-images",
            "id": "fd8q5m87s3v0hmp06i5c",
            "image_id": "fd8q5m87s3v0hmp06i5c",
            "labels": {},
            "min_disk_size": 5,
            "name": "ubuntu-20-04-lts-v20231023",
            "os_type": "linux",
            "pooled": true,
            "product_ids": [
              "f2ev41t04kc1krhtoot2"
            ],
            "size": 4,
            "status": "ready"
          },
          "sensitive_attributes": []
        }
      ]
    },
    {
      "mode": "managed",
      "type": "yandex_compute_instance",
      "name": "my-vm-2",
      "provider": "provider[\"registry.terraform.io/yandex-cloud/yandex\"]",
      "instances": [
        {
          "schema_version": 1,
          "attributes": {
            "allow_recreate": null,
            "allow_stopping_for_update": null,
            "boot_disk": [
              {
                "auto_delete": true,
                "device_name": "fhmpl1ej9qaugo99u5bv",
                "disk_id": "fhmpl1ej9qaugo99u5bv",
                "initialize_params": [
                  {
                    "block_size": 4096,
                    "description": "",
                    "image_id": "fd8q5m87s3v0hmp06i5c",
                    "name": "",
                    "size": 5,
                    "snapshot_id": "",
                    "type": "network-hdd"
                  }
                ],
                "mode": "READ_WRITE"
              }
            ],
            "created_at": "2023-10-23T22:50:02Z",
            "description": "",
            "filesystem": [],
            "folder_id": "b1gk91seujvu5ushi47l",
            "fqdn": "fhmnts8en8c98kfqmsct.auto.internal",
            "gpu_cluster_id": "",
            "hostname": "",
            "id": "fhmnts8en8c98kfqmsct",
            "labels": null,
            "local_disk": [],
            "metadata": {
              "ssh-keys": "ubuntu:ssh-rsa AAAAB3NzaC1yc2EAAAADAQABAAABgQDf84KC63ZniuhUW193brhO9iepk4BzJ6Hh2Dvdx0ljwVtjuJJaESlBF5oAKYFTdAXj2Tnapc6LDw4tIkEHxTVG42TfefiS4qe+ATRxEHJc+J0Fh4xcQ9+L9ez/oBke66tOC+IXW+OsQ86StT2yPzSa9EiQBxMtTMEnHVBj4CjgelN0jvpt0f0ylw+0vL2fKhte0lRLH6ELPwudaDtg0dpLcBEQXtY5pnhfpSCH1zgt+kZrwPFsV/M5YKIYA6Lh4CeNS9iee/m8202brwcPI+1DV7XZKoNj1rQSQwaM9drE+uAYyfuBue7tZ8WfUBDyKWIfuuC4ZI0cteqzE+S9AE+665oyJk08ywCzeDG8jCjG2vXI6VaUdmZwNlecpUIG5LbRrUweS7ZJ6g9/7pofI86TAC9XprLfJ2FU4tJRqU5FfY1tGFB0xrh/UZKqBTaz/o8o0vEd43ktmzMitcfq4vlSPlr1/7ul+kXqcLohuDrv/UQQpYCAjfLmXAVRHPA1VHE= ubuntu@ubuntu-basic-1-1-10gb\n"
            },
            "metadata_options": [
              {
                "aws_v1_http_endpoint": 1,
                "aws_v1_http_token": 2,
                "gce_http_endpoint": 1,
                "gce_http_token": 1
              }
            ],
            "name": "test-vm-2",
            "network_acceleration_type": "standard",
            "network_interface": [
              {
                "dns_record": [],
                "index": 0,
                "ip_address": "192.168.10.18",
                "ipv4": true,
                "ipv6": false,
                "ipv6_address": "",
                "ipv6_dns_record": [],
                "mac_address": "d0:0d:17:ef:10:eb",
                "nat": true,
                "nat_dns_record": [],
                "nat_ip_address": "62.84.124.255",
                "nat_ip_version": "IPV4",
                "security_group_ids": [],
                "subnet_id": "e9bf0v3aevq8hqphs8sb"
              }
            ],
            "placement_policy": [
              {
                "host_affinity_rules": [],
                "placement_group_id": ""
              }
            ],
            "platform_id": "standard-v1",
            "resources": [
              {
                "core_fraction": 100,
                "cores": 2,
                "gpus": 0,
                "memory": 2
              }
            ],
            "scheduling_policy": [
              {
                "preemptible": false
              }
            ],
            "secondary_disk": [],
            "service_account_id": "",
            "status": "running",
            "timeouts": null,
            "zone": "ru-central1-a"
          },
          "sensitive_attributes": [],
          "private": "eyJlMmJmYjczMC1lY2FhLTExZTYtOGY4OC0zNDM2M2JjN2M0YzAiOnsiY3JlYXRlIjozMDAwMDAwMDAwMDAsImRlbGV0ZSI6MzAwMDAwMDAwMDAwLCJ1cGRhdGUiOjMwMDAwMDAwMDAwMH0sInNjaGVtYV92ZXJzaW9uIjoiMSJ9",
          "dependencies": [
            "data.yandex_compute_image.my-ubuntu-2004-1",
            "yandex_vpc_network.default",
            "yandex_vpc_subnet.my-sn-1"
          ]
        }
      ]
    },
    {
      "mode": "managed",
      "type": "yandex_compute_instance",
      "name": "my-vm-3",
      "provider": "provider[\"registry.terraform.io/yandex-cloud/yandex\"]",
      "instances": [
        {
          "schema_version": 1,
          "attributes": {
            "allow_recreate": null,
            "allow_stopping_for_update": null,
            "boot_disk": [
              {
                "auto_delete": true,
                "device_name": "fhmt7a2bseohg6mhf4p5",
                "disk_id": "fhmt7a2bseohg6mhf4p5",
                "initialize_params": [
                  {
                    "block_size": 4096,
                    "description": "",
                    "image_id": "fd8q5m87s3v0hmp06i5c",
                    "name": "",
                    "size": 5,
                    "snapshot_id": "",
                    "type": "network-hdd"
                  }
                ],
                "mode": "READ_WRITE"
              }
            ],
            "created_at": "2023-10-23T22:50:02Z",
            "description": "",
            "filesystem": [],
            "folder_id": "b1gk91seujvu5ushi47l",
            "fqdn": "fhmc7hb2kiiktpsb08pb.auto.internal",
            "gpu_cluster_id": "",
            "hostname": "",
            "id": "fhmc7hb2kiiktpsb08pb",
            "labels": null,
            "local_disk": [],
            "metadata": {
              "ssh-keys": "ubuntu:ssh-rsa AAAAB3NzaC1yc2EAAAADAQABAAABgQDf84KC63ZniuhUW193brhO9iepk4BzJ6Hh2Dvdx0ljwVtjuJJaESlBF5oAKYFTdAXj2Tnapc6LDw4tIkEHxTVG42TfefiS4qe+ATRxEHJc+J0Fh4xcQ9+L9ez/oBke66tOC+IXW+OsQ86StT2yPzSa9EiQBxMtTMEnHVBj4CjgelN0jvpt0f0ylw+0vL2fKhte0lRLH6ELPwudaDtg0dpLcBEQXtY5pnhfpSCH1zgt+kZrwPFsV/M5YKIYA6Lh4CeNS9iee/m8202brwcPI+1DV7XZKoNj1rQSQwaM9drE+uAYyfuBue7tZ8WfUBDyKWIfuuC4ZI0cteqzE+S9AE+665oyJk08ywCzeDG8jCjG2vXI6VaUdmZwNlecpUIG5LbRrUweS7ZJ6g9/7pofI86TAC9XprLfJ2FU4tJRqU5FfY1tGFB0xrh/UZKqBTaz/o8o0vEd43ktmzMitcfq4vlSPlr1/7ul+kXqcLohuDrv/UQQpYCAjfLmXAVRHPA1VHE= ubuntu@ubuntu-basic-1-1-10gb\n"
            },
            "metadata_options": [
              {
                "aws_v1_http_endpoint": 1,
                "aws_v1_http_token": 2,
                "gce_http_endpoint": 1,
                "gce_http_token": 1
              }
            ],
            "name": "test-vm-3",
            "network_acceleration_type": "standard",
            "network_interface": [
              {
                "dns_record": [],
                "index": 0,
                "ip_address": "192.168.10.3",
                "ipv4": true,
                "ipv6": false,
                "ipv6_address": "",
                "ipv6_dns_record": [],
                "mac_address": "d0:0d:c3:c5:62:a4",
                "nat": true,
                "nat_dns_record": [],
                "nat_ip_address": "51.250.84.146",
                "nat_ip_version": "IPV4",
                "security_group_ids": [],
                "subnet_id": "e9bf0v3aevq8hqphs8sb"
              }
            ],
            "placement_policy": [
              {
                "host_affinity_rules": [],
                "placement_group_id": ""
              }
            ],
            "platform_id": "standard-v1",
            "resources": [
              {
                "core_fraction": 100,
                "cores": 2,
                "gpus": 0,
                "memory": 2
              }
            ],
            "scheduling_policy": [
              {
                "preemptible": false
              }
            ],
            "secondary_disk": [],
            "service_account_id": "",
            "status": "running",
            "timeouts": null,
            "zone": "ru-central1-a"
          },
          "sensitive_attributes": [],
          "private": "eyJlMmJmYjczMC1lY2FhLTExZTYtOGY4OC0zNDM2M2JjN2M0YzAiOnsiY3JlYXRlIjozMDAwMDAwMDAwMDAsImRlbGV0ZSI6MzAwMDAwMDAwMDAwLCJ1cGRhdGUiOjMwMDAwMDAwMDAwMH0sInNjaGVtYV92ZXJzaW9uIjoiMSJ9",
          "dependencies": [
            "data.yandex_compute_image.my-ubuntu-2004-1",
            "yandex_vpc_network.default",
            "yandex_vpc_subnet.my-sn-1"
          ]
        }
      ]
    },
    {
      "mode": "managed",
      "type": "yandex_lb_network_load_balancer",
      "name": "my-nw-lb-1",
      "provider": "provider[\"registry.terraform.io/yandex-cloud/yandex\"]",
      "instances": [
        {
          "schema_version": 0,
          "attributes": {
            "attached_target_group": [
              {
                "healthcheck": [
                  {
                    "healthy_threshold": 2,
                    "http_options": [
                      {
                        "path": "",
                        "port": 80
                      }
                    ],
                    "interval": 2,
                    "name": "http",
                    "tcp_options": [],
                    "timeout": 1,
                    "unhealthy_threshold": 2
                  }
                ],
                "target_group_id": "enp99qfr250g0e59thlv"
              }
            ],
            "created_at": "2023-10-23T22:50:48Z",
            "deletion_protection": false,
            "description": "",
            "folder_id": "b1gk91seujvu5ushi47l",
            "id": "enpbm3dojb1954mnoarf",
            "labels": null,
            "listener": [
              {
                "external_address_spec": [
                  {
                    "address": "84.201.131.55",
                    "ip_version": "ipv4"
                  }
                ],
                "internal_address_spec": [],
                "name": "my-listener-1",
                "port": 80,
                "protocol": "tcp",
                "target_port": 80
              }
            ],
            "name": "my-network-load-balancer-1",
            "region_id": "ru-central1",
            "timeouts": null,
            "type": "external"
          },
          "sensitive_attributes": [],
          "private": "eyJlMmJmYjczMC1lY2FhLTExZTYtOGY4OC0zNDM2M2JjN2M0YzAiOnsiY3JlYXRlIjozMDAwMDAwMDAwMDAsImRlbGV0ZSI6MzAwMDAwMDAwMDAwLCJ1cGRhdGUiOjMwMDAwMDAwMDAwMH19",
          "dependencies": [
            "data.yandex_compute_image.my-ubuntu-2004-1",
            "yandex_compute_instance.my-vm-2",
            "yandex_compute_instance.my-vm-3",
            "yandex_lb_target_group.my-lb-tg-1",
            "yandex_vpc_network.default",
            "yandex_vpc_subnet.my-sn-1"
          ]
        }
      ]
    },
    {
      "mode": "managed",
      "type": "yandex_lb_target_group",
      "name": "my-lb-tg-1",
      "provider": "provider[\"registry.terraform.io/yandex-cloud/yandex\"]",
      "instances": [
        {
          "schema_version": 0,
          "attributes": {
            "created_at": "2023-10-23T22:50:46Z",
            "description": "",
            "folder_id": "b1gk91seujvu5ushi47l",
            "id": "enp99qfr250g0e59thlv",
            "labels": null,
            "name": "my-target-group-1",
            "region_id": "ru-central1",
            "target": [
              {
                "address": "192.168.10.18",
                "subnet_id": "e9bf0v3aevq8hqphs8sb"
              },
              {
                "address": "192.168.10.3",
                "subnet_id": "e9bf0v3aevq8hqphs8sb"
              }
            ],
            "timeouts": null
          },
          "sensitive_attributes": [],
          "private": "eyJlMmJmYjczMC1lY2FhLTExZTYtOGY4OC0zNDM2M2JjN2M0YzAiOnsiY3JlYXRlIjozMDAwMDAwMDAwMDAsImRlbGV0ZSI6MzAwMDAwMDAwMDAwLCJ1cGRhdGUiOjMwMDAwMDAwMDAwMH19",
          "dependencies": [
            "data.yandex_compute_image.my-ubuntu-2004-1",
            "yandex_compute_instance.my-vm-2",
            "yandex_compute_instance.my-vm-3",
            "yandex_vpc_network.default",
            "yandex_vpc_subnet.my-sn-1"
          ]
        }
      ]
    },
    {
      "mode": "managed",
      "type": "yandex_vpc_network",
      "name": "default",
      "provider": "provider[\"registry.terraform.io/yandex-cloud/yandex\"]",
      "instances": [
        {
          "schema_version": 0,
          "attributes": {
            "created_at": "2023-10-23T22:49:59Z",
            "default_security_group_id": "enpah9r92gvb2l1esici",
            "description": "",
            "folder_id": "b1gk91seujvu5ushi47l",
            "id": "enpu7531bucgopa5nb7r",
            "labels": {},
            "name": "my-nw-2",
            "subnet_ids": [],
            "timeouts": null
          },
          "sensitive_attributes": [],
          "private": "eyJlMmJmYjczMC1lY2FhLTExZTYtOGY4OC0zNDM2M2JjN2M0YzAiOnsiY3JlYXRlIjo2MDAwMDAwMDAwMCwiZGVsZXRlIjo2MDAwMDAwMDAwMCwidXBkYXRlIjo2MDAwMDAwMDAwMH19"
        }
      ]
    },
    {
      "mode": "managed",
      "type": "yandex_vpc_subnet",
      "name": "my-sn-1",
      "provider": "provider[\"registry.terraform.io/yandex-cloud/yandex\"]",
      "instances": [
        {
          "schema_version": 0,
          "attributes": {
            "created_at": "2023-10-23T22:50:01Z",
            "description": "",
            "dhcp_options": [],
            "folder_id": "b1gk91seujvu5ushi47l",
            "id": "e9bf0v3aevq8hqphs8sb",
            "labels": {},
            "name": "",
            "network_id": "enpu7531bucgopa5nb7r",
            "route_table_id": "",
            "timeouts": null,
            "v4_cidr_blocks": [
              "192.168.10.0/24"
            ],
            "v6_cidr_blocks": [],
            "zone": "ru-central1-a"
          },
          "sensitive_attributes": [],
          "private": "eyJlMmJmYjczMC1lY2FhLTExZTYtOGY4OC0zNDM2M2JjN2M0YzAiOnsiY3JlYXRlIjoxODAwMDAwMDAwMDAsImRlbGV0ZSI6MTgwMDAwMDAwMDAwLCJ1cGRhdGUiOjE4MDAwMDAwMDAwMH19",
          "dependencies": [
            "yandex_vpc_network.default"
          ]
        }
      ]
    }
  ],
  "check_results": null
}
